
Microsoft Visual Studio Solution File, Format Version 12.00
# Visual Studio Version 16
VisualStudioVersion = 16.0.31205.134
MinimumVisualStudioVersion = 10.0.40219.1
Project("{FAE04EC0-301F-11D3-BF4B-00C04F79EFBC}") = "MultiView App", "MultiView App\MultiView App.csproj", "{0ED3763C-73E1-43C8-AE3E-7BA4867EA575}"
EndProject
Global
	GlobalSection(SolutionConfigurationPlatforms) = preSolution
		Debug|Any CPU = Debug|Any CPU
		Release|Any CPU = Release|Any CPU
	EndGlobalSection
	GlobalSection(ProjectConfigurationPlatforms) = postSolution
		{0ED3763C-73E1-43C8-AE3E-7BA4867EA575}.Debug|Any CPU.ActiveCfg = Debug|Any CPU
		{0ED3763C-73E1-43C8-AE3E-7BA4867EA575}.Debug|Any CPU.Build.0 = Debug|Any CPU
		{0ED3763C-73E1-43C8-AE3E-7BA4867EA575}.Release|Any CPU.ActiveCfg = Release|Any CPU
		{0ED3763C-73E1-43C8-AE3E-7BA4867EA575}.Release|Any CPU.Build.0 = Release|Any CPU
	EndGlobalSection
	GlobalSection(SolutionProperties) = preSolution
		HideSolutionNode = FALSE
	EndGlobalSection
	GlobalSection(ExtensibilityGlobals) = postSolution
		SolutionGuid = {FF47B6C5-B344-4446-AA85-745565FFEBCD}
	EndGlobalSection
EndGlobal
